// !$*UTF8*$!
{
	archiveVersion = 1;
	classes = {
	};
	objectVersion = 50;
	objects = {

/* Begin PBXBuildFile section */
		7636C6E226C2732200AB63C7 /* .swiftlint.yml in Resources */ = {isa = PBXBuildFile; fileRef = 7636C6E126C2732200AB63C7 /* .swiftlint.yml */; };
		7636C6E426C2738C00AB63C7 /* CreateMLShapeClassifier.mlmodel in Sources */ = {isa = PBXBuildFile; fileRef = 7636C6E326C2738C00AB63C7 /* CreateMLShapeClassifier.mlmodel */; };
		7636C6E626C2834900AB63C7 /* KerasShapeClassifier.mlmodel in Sources */ = {isa = PBXBuildFile; fileRef = 7636C6E526C2834900AB63C7 /* KerasShapeClassifier.mlmodel */; };
		C7927576262C81C900EF5D3A /* AppDelegate.swift in Sources */ = {isa = PBXBuildFile; fileRef = C7927575262C81C900EF5D3A /* AppDelegate.swift */; };
		C7927578262C81C900EF5D3A /* SceneDelegate.swift in Sources */ = {isa = PBXBuildFile; fileRef = C7927577262C81C900EF5D3A /* SceneDelegate.swift */; };
		C792757A262C81C900EF5D3A /* ViewController.swift in Sources */ = {isa = PBXBuildFile; fileRef = C7927579262C81C900EF5D3A /* ViewController.swift */; };
		C792757D262C81C900EF5D3A /* Main.storyboard in Resources */ = {isa = PBXBuildFile; fileRef = C792757B262C81C900EF5D3A /* Main.storyboard */; };
		C792757F262C81CB00EF5D3A /* Assets.xcassets in Resources */ = {isa = PBXBuildFile; fileRef = C792757E262C81CB00EF5D3A /* Assets.xcassets */; };
		C7927582262C81CB00EF5D3A /* LaunchScreen.storyboard in Resources */ = {isa = PBXBuildFile; fileRef = C7927580262C81CB00EF5D3A /* LaunchScreen.storyboard */; };
/* End PBXBuildFile section */

/* Begin PBXFileReference section */
		7636C6E126C2732200AB63C7 /* .swiftlint.yml */ = {isa = PBXFileReference; lastKnownFileType = text.yaml; path = .swiftlint.yml; sourceTree = "<group>"; };
		7636C6E326C2738C00AB63C7 /* CreateMLShapeClassifier.mlmodel */ = {isa = PBXFileReference; lastKnownFileType = file.mlmodel; path = CreateMLShapeClassifier.mlmodel; sourceTree = "<group>"; };
		7636C6E526C2834900AB63C7 /* KerasShapeClassifier.mlmodel */ = {isa = PBXFileReference; lastKnownFileType = file.mlmodel; path = KerasShapeClassifier.mlmodel; sourceTree = "<group>"; };
		C7927572262C81C900EF5D3A /* MyMagicalHand.app */ = {isa = PBXFileReference; explicitFileType = wrapper.application; includeInIndex = 0; path = MyMagicalHand.app; sourceTree = BUILT_PRODUCTS_DIR; };
		C7927575262C81C900EF5D3A /* AppDelegate.swift */ = {isa = PBXFileReference; lastKnownFileType = sourcecode.swift; path = AppDelegate.swift; sourceTree = "<group>"; };
		C7927577262C81C900EF5D3A /* SceneDelegate.swift */ = {isa = PBXFileReference; lastKnownFileType = sourcecode.swift; path = SceneDelegate.swift; sourceTree = "<group>"; };
		C7927579262C81C900EF5D3A /* ViewController.swift */ = {isa = PBXFileReference; lastKnownFileType = sourcecode.swift; path = ViewController.swift; sourceTree = "<group>"; };
		C792757C262C81C900EF5D3A /* Base */ = {isa = PBXFileReference; lastKnownFileType = file.storyboard; name = Base; path = Base.lproj/Main.storyboard; sourceTree = "<group>"; };
		C792757E262C81CB00EF5D3A /* Assets.xcassets */ = {isa = PBXFileReference; lastKnownFileType = folder.assetcatalog; path = Assets.xcassets; sourceTree = "<group>"; };
		C7927581262C81CB00EF5D3A /* Base */ = {isa = PBXFileReference; lastKnownFileType = file.storyboard; name = Base; path = Base.lproj/LaunchScreen.storyboard; sourceTree = "<group>"; };
		C7927583262C81CB00EF5D3A /* Info.plist */ = {isa = PBXFileReference; lastKnownFileType = text.plist.xml; path = Info.plist; sourceTree = "<group>"; };
/* End PBXFileReference section */

/* Begin PBXFrameworksBuildPhase section */
		C792756F262C81C900EF5D3A /* Frameworks */ = {
			isa = PBXFrameworksBuildPhase;
			buildActionMask = 2147483647;
			files = (
			);
			runOnlyForDeploymentPostprocessing = 0;
		};
/* End PBXFrameworksBuildPhase section */

/* Begin PBXGroup section */
		C7927569262C81C900EF5D3A = {
			isa = PBXGroup;
			children = (
				7636C6E126C2732200AB63C7 /* .swiftlint.yml */,
				C7927574262C81C900EF5D3A /* MyMagicalHand */,
				C7927573262C81C900EF5D3A /* Products */,
			);
			sourceTree = "<group>";
		};
		C7927573262C81C900EF5D3A /* Products */ = {
			isa = PBXGroup;
			children = (
				C7927572262C81C900EF5D3A /* MyMagicalHand.app */,
			);
			name = Products;
			sourceTree = "<group>";
		};
		C7927574262C81C900EF5D3A /* MyMagicalHand */ = {
			isa = PBXGroup;
			children = (
				C7927575262C81C900EF5D3A /* AppDelegate.swift */,
				C7927577262C81C900EF5D3A /* SceneDelegate.swift */,
				C7927579262C81C900EF5D3A /* ViewController.swift */,
				C792757B262C81C900EF5D3A /* Main.storyboard */,
				C792757E262C81CB00EF5D3A /* Assets.xcassets */,
				C7927580262C81CB00EF5D3A /* LaunchScreen.storyboard */,
				C7927583262C81CB00EF5D3A /* Info.plist */,
				7636C6E326C2738C00AB63C7 /* CreateMLShapeClassifier.mlmodel */,
				7636C6E526C2834900AB63C7 /* KerasShapeClassifier.mlmodel */,
			);
			path = MyMagicalHand;
			sourceTree = "<group>";
		};
/* End PBXGroup section */

/* Begin PBXNativeTarget section */
		C7927571262C81C900EF5D3A /* MyMagicalHand */ = {
			isa = PBXNativeTarget;
			buildConfigurationList = C7927586262C81CB00EF5D3A /* Build configuration list for PBXNativeTarget "MyMagicalHand" */;
			buildPhases = (
				C792756E262C81C900EF5D3A /* Sources */,
				C792756F262C81C900EF5D3A /* Frameworks */,
				C7927570262C81C900EF5D3A /* Resources */,
				7636C6E026C272FF00AB63C7 /* ShellScript */,
			);
			buildRules = (
			);
			dependencies = (
			);
			name = MyMagicalHand;
			productName = MyMagicalHand;
			productReference = C7927572262C81C900EF5D3A /* MyMagicalHand.app */;
			productType = "com.apple.product-type.application";
		};
/* End PBXNativeTarget section */

/* Begin PBXProject section */
		C792756A262C81C900EF5D3A /* Project object */ = {
			isa = PBXProject;
			attributes = {
				LastSwiftUpdateCheck = 1240;
				LastUpgradeCheck = 1240;
				TargetAttributes = {
					C7927571262C81C900EF5D3A = {
						CreatedOnToolsVersion = 12.4;
					};
				};
			};
			buildConfigurationList = C792756D262C81C900EF5D3A /* Build configuration list for PBXProject "MyMagicalHand" */;
			compatibilityVersion = "Xcode 9.3";
			developmentRegion = en;
			hasScannedForEncodings = 0;
			knownRegions = (
				en,
				Base,
			);
			mainGroup = C7927569262C81C900EF5D3A;
			productRefGroup = C7927573262C81C900EF5D3A /* Products */;
			projectDirPath = "";
			projectRoot = "";
			targets = (
				C7927571262C81C900EF5D3A /* MyMagicalHand */,
			);
		};
/* End PBXProject section */

/* Begin PBXResourcesBuildPhase section */
		C7927570262C81C900EF5D3A /* Resources */ = {
			isa = PBXResourcesBuildPhase;
			buildActionMask = 2147483647;
			files = (
				7636C6E226C2732200AB63C7 /* .swiftlint.yml in Resources */,
				C7927582262C81CB00EF5D3A /* LaunchScreen.storyboard in Resources */,
				C792757F262C81CB00EF5D3A /* Assets.xcassets in Resources */,
				C792757D262C81C900EF5D3A /* Main.storyboard in Resources */,
			);
			runOnlyForDeploymentPostprocessing = 0;
		};
/* End PBXResourcesBuildPhase section */

/* Begin PBXShellScriptBuildPhase section */
		7636C6E026C272FF00AB63C7 /* ShellScript */ = {
			isa = PBXShellScriptBuildPhase;
			buildActionMask = 2147483647;
			files = (
			);
			inputFileListPaths = (
			);
			inputPaths = (
			);
			outputFileListPaths = (
			);
			outputPaths = (
			);
			runOnlyForDeploymentPostprocessing = 0;
			shellPath = /bin/sh;
			shellScript = "if which swiftlint >/dev/null; then\n  swiftlint\nelse\n  echo \"warning: SwiftLint not installed, download from https://github.com/realm/SwiftLint\"\nfi\n";
		};
/* End PBXShellScriptBuildPhase section */

/* Begin PBXSourcesBuildPhase section */
		C792756E262C81C900EF5D3A /* Sources */ = {
			isa = PBXSourcesBuildPhase;
			buildActionMask = 2147483647;
			files = (
				C792757A262C81C900EF5D3A /* ViewController.swift in Sources */,
				C7927576262C81C900EF5D3A /* AppDelegate.swift in Sources */,
				7636C6E626C2834900AB63C7 /* KerasShapeClassifier.mlmodel in Sources */,
				7636C6E426C2738C00AB63C7 /* CreateMLShapeClassifier.mlmodel in Sources */,
				C7927578262C81C900EF5D3A /* SceneDelegate.swift in Sources */,
			);
			runOnlyForDeploymentPostprocessing = 0;
		};
/* End PBXSourcesBuildPhase section */

/* Begin PBXVariantGroup section */
		C792757B262C81C900EF5D3A /* Main.storyboard */ = {
			isa = PBXVariantGroup;
			children = (
				C792757C262C81C900EF5D3A /* Base */,
			);
			name = Main.storyboard;
			sourceTree = "<group>";
		};
		C7927580262C81CB00EF5D3A /* LaunchScreen.storyboard */ = {
			isa = PBXVariantGroup;
			children = (
				C7927581262C81CB00EF5D3A /* Base */,
			);
			name = LaunchScreen.storyboard;
			sourceTree = "<group>";
		};
/* End PBXVariantGroup section */

/* Begin XCBuildConfiguration section */
		C7927584262C81CB00EF5D3A /* Debug */ = {
			isa = XCBuildConfiguration;
			buildSettings = {
				ALWAYS_SEARCH_USER_PATHS = NO;
				CLANG_ANALYZER_NONNULL = YES;
				CLANG_ANALYZER_NUMBER_OBJECT_CONVERSION = YES_AGGRESSIVE;
				CLANG_CXX_LANGUAGE_STANDARD = "gnu++14";
				CLANG_CXX_LIBRARY = "libc++";
				CLANG_ENABLE_MODULES = YES;
				CLANG_ENABLE_OBJC_ARC = YES;
				CLANG_ENABLE_OBJC_WEAK = YES;
				CLANG_WARN_BLOCK_CAPTURE_AUTORELEASING = YES;
				CLANG_WARN_BOOL_CONVERSION = YES;
				CLANG_WARN_COMMA = YES;
				CLANG_WARN_CONSTANT_CONVERSION = YES;
				CLANG_WARN_DEPRECATED_OBJC_IMPLEMENTATIONS = YES;
				CLANG_WARN_DIRECT_OBJC_ISA_USAGE = YES_ERROR;
				CLANG_WARN_DOCUMENTATION_COMMENTS = YES;
				CLANG_WARN_EMPTY_BODY = YES;
				CLANG_WARN_ENUM_CONVERSION = YES;
				CLANG_WARN_INFINITE_RECURSION = YES;
				CLANG_WARN_INT_CONVERSION = YES;
				CLANG_WARN_NON_LITERAL_NULL_CONVERSION = YES;
				CLANG_WARN_OBJC_IMPLICIT_RETAIN_SELF = YES;
				CLANG_WARN_OBJC_LITERAL_CONVERSION = YES;
				CLANG_WARN_OBJC_ROOT_CLASS = YES_ERROR;
				CLANG_WARN_QUOTED_INCLUDE_IN_FRAMEWORK_HEADER = YES;
				CLANG_WARN_RANGE_LOOP_ANALYSIS = YES;
				CLANG_WARN_STRICT_PROTOTYPES = YES;
				CLANG_WARN_SUSPICIOUS_MOVE = YES;
				CLANG_WARN_UNGUARDED_AVAILABILITY = YES_AGGRESSIVE;
				CLANG_WARN_UNREACHABLE_CODE = YES;
				CLANG_WARN__DUPLICATE_METHOD_MATCH = YES;
				COPY_PHASE_STRIP = NO;
				DEBUG_INFORMATION_FORMAT = dwarf;
				ENABLE_STRICT_OBJC_MSGSEND = YES;
				ENABLE_TESTABILITY = YES;
				GCC_C_LANGUAGE_STANDARD = gnu11;
				GCC_DYNAMIC_NO_PIC = NO;
				GCC_NO_COMMON_BLOCKS = YES;
				GCC_OPTIMIZATION_LEVEL = 0;
				GCC_PREPROCESSOR_DEFINITIONS = (
					"DEBUG=1",
					"$(inherited)",
				);
				GCC_WARN_64_TO_32_BIT_CONVERSION = YES;
				GCC_WARN_ABOUT_RETURN_TYPE = YES_ERROR;
				GCC_WARN_UNDECLARED_SELECTOR = YES;
				GCC_WARN_UNINITIALIZED_AUTOS = YES_AGGRESSIVE;
				GCC_WARN_UNUSED_FUNCTION = YES;
				GCC_WARN_UNUSED_VARIABLE = YES;
				IPHONEOS_DEPLOYMENT_TARGET = 14.4;
				MTL_ENABLE_DEBUG_INFO = INCLUDE_SOURCE;
				MTL_FAST_MATH = YES;
				ONLY_ACTIVE_ARCH = YES;
				SDKROOT = iphoneos;
				SWIFT_ACTIVE_COMPILATION_CONDITIONS = DEBUG;
				SWIFT_OPTIMIZATION_LEVEL = "-Onone";
			};
			name = Debug;
		};
		C7927585262C81CB00EF5D3A /* Release */ = {
			isa = XCBuildConfiguration;
			buildSettings = {
				ALWAYS_SEARCH_USER_PATHS = NO;
				CLANG_ANALYZER_NONNULL = YES;
				CLANG_ANALYZER_NUMBER_OBJECT_CONVERSION = YES_AGGRESSIVE;
				CLANG_CXX_LANGUAGE_STANDARD = "gnu++14";
				CLANG_CXX_LIBRARY = "libc++";
				CLANG_ENABLE_MODULES = YES;
				CLANG_ENABLE_OBJC_ARC = YES;
				CLANG_ENABLE_OBJC_WEAK = YES;
				CLANG_WARN_BLOCK_CAPTURE_AUTORELEASING = YES;
				CLANG_WARN_BOOL_CONVERSION = YES;
				CLANG_WARN_COMMA = YES;
				CLANG_WARN_CONSTANT_CONVERSION = YES;
				CLANG_WARN_DEPRECATED_OBJC_IMPLEMENTATIONS = YES;
				CLANG_WARN_DIRECT_OBJC_ISA_USAGE = YES_ERROR;
				CLANG_WARN_DOCUMENTATION_COMMENTS = YES;
				CLANG_WARN_EMPTY_BODY = YES;
				CLANG_WARN_ENUM_CONVERSION = YES;
				CLANG_WARN_INFINITE_RECURSION = YES;
				CLANG_WARN_INT_CONVERSION = YES;
				CLANG_WARN_NON_LITERAL_NULL_CONVERSION = YES;
				CLANG_WARN_OBJC_IMPLICIT_RETAIN_SELF = YES;
				CLANG_WARN_OBJC_LITERAL_CONVERSION = YES;
				CLANG_WARN_OBJC_ROOT_CLASS = YES_ERROR;
				CLANG_WARN_QUOTED_INCLUDE_IN_FRAMEWORK_HEADER = YES;
				CLANG_WARN_RANGE_LOOP_ANALYSIS = YES;
				CLANG_WARN_STRICT_PROTOTYPES = YES;
				CLANG_WARN_SUSPICIOUS_MOVE = YES;
				CLANG_WARN_UNGUARDED_AVAILABILITY = YES_AGGRESSIVE;
				CLANG_WARN_UNREACHABLE_CODE = YES;
				CLANG_WARN__DUPLICATE_METHOD_MATCH = YES;
				COPY_PHASE_STRIP = NO;
				DEBUG_INFORMATION_FORMAT = "dwarf-with-dsym";
				ENABLE_NS_ASSERTIONS = NO;
				ENABLE_STRICT_OBJC_MSGSEND = YES;
				GCC_C_LANGUAGE_STANDARD = gnu11;
				GCC_NO_COMMON_BLOCKS = YES;
				GCC_WARN_64_TO_32_BIT_CONVERSION = YES;
				GCC_WARN_ABOUT_RETURN_TYPE = YES_ERROR;
				GCC_WARN_UNDECLARED_SELECTOR = YES;
				GCC_WARN_UNINITIALIZED_AUTOS = YES_AGGRESSIVE;
				GCC_WARN_UNUSED_FUNCTION = YES;
				GCC_WARN_UNUSED_VARIABLE = YES;
				IPHONEOS_DEPLOYMENT_TARGET = 14.4;
				MTL_ENABLE_DEBUG_INFO = NO;
				MTL_FAST_MATH = YES;
				SDKROOT = iphoneos;
				SWIFT_COMPILATION_MODE = wholemodule;
				SWIFT_OPTIMIZATION_LEVEL = "-O";
				VALIDATE_PRODUCT = YES;
			};
			name = Release;
		};
		C7927587262C81CB00EF5D3A /* Debug */ = {
			isa = XCBuildConfiguration;
			buildSettings = {
				ASSETCATALOG_COMPILER_APPICON_NAME = AppIcon;
				ASSETCATALOG_COMPILER_GLOBAL_ACCENT_COLOR_NAME = AccentColor;
				CODE_SIGN_STYLE = Automatic;
				INFOPLIST_FILE = MyMagicalHand/Info.plist;
				LD_RUNPATH_SEARCH_PATHS = (
					"$(inherited)",
					"@executable_path/Frameworks",
				);
				PRODUCT_BUNDLE_IDENTIFIER = net.yagom.MyMagicalHand;
				PRODUCT_NAME = "$(TARGET_NAME)";
				SWIFT_VERSION = 5.0;
				TARGETED_DEVICE_FAMILY = "1,2";
			};
			name = Debug;
		};
		C7927588262C81CB00EF5D3A /* Release */ = {
			isa = XCBuildConfiguration;
			buildSettings = {
				ASSETCATALOG_COMPILER_APPICON_NAME = AppIcon;
				ASSETCATALOG_COMPILER_GLOBAL_ACCENT_COLOR_NAME = AccentColor;
				CODE_SIGN_STYLE = Automatic;
				INFOPLIST_FILE = MyMagicalHand/Info.plist;
				LD_RUNPATH_SEARCH_PATHS = (
					"$(inherited)",
					"@executable_path/Frameworks",
				);
				PRODUCT_BUNDLE_IDENTIFIER = net.yagom.MyMagicalHand;
				PRODUCT_NAME = "$(TARGET_NAME)";
				SWIFT_VERSION = 5.0;
				TARGETED_DEVICE_FAMILY = "1,2";
			};
			name = Release;
		};
/* End XCBuildConfiguration section */

/* Begin XCConfigurationList section */
		C792756D262C81C900EF5D3A /* Build configuration list for PBXProject "MyMagicalHand" */ = {
			isa = XCConfigurationList;
			buildConfigurations = (
				C7927584262C81CB00EF5D3A /* Debug */,
				C7927585262C81CB00EF5D3A /* Release */,
			);
			defaultConfigurationIsVisible = 0;
			defaultConfigurationName = Release;
		};
		C7927586262C81CB00EF5D3A /* Build configuration list for PBXNativeTarget "MyMagicalHand" */ = {
			isa = XCConfigurationList;
			buildConfigurations = (
				C7927587262C81CB00EF5D3A /* Debug */,
				C7927588262C81CB00EF5D3A /* Release */,
			);
			defaultConfigurationIsVisible = 0;
			defaultConfigurationName = Release;
		};
/* End XCConfigurationList section */
	};
	rootObject = C792756A262C81C900EF5D3A /* Project object */;
}
